
Microsoft Visual Studio Solution File, Format Version 12.00
# Visual Studio Version 17
VisualStudioVersion = 17.10.35122.118
MinimumVisualStudioVersion = 10.0.40219.1
Project("{2150E333-8FDC-42A3-9474-1A3956D46DE8}") = "FrontEnd", "FrontEnd", "{53E9E4F9-CDD8-4D92-80DD-CC245E1595D6}"
EndProject
Project("{2150E333-8FDC-42A3-9474-1A3956D46DE8}") = "Gateway", "Gateway", "{B84D9B1D-B4C0-48BA-9544-1CB39B3A8B99}"
EndProject
Project("{2150E333-8FDC-42A3-9474-1A3956D46DE8}") = "Integration", "Integration", "{3905E794-90DC-41CB-8C00-6720D6D3759E}"
EndProject
Project("{2150E333-8FDC-42A3-9474-1A3956D46DE8}") = "Services", "Services", "{3B66E95C-BBC4-4778-999A-5D8C5D642737}"
EndProject
Project("{9A19103F-16F7-4668-BE54-9A1E7A4F7556}") = "Mango.Services.CouponAPI", "Mango.Services.CouponAPI\Mango.Services.CouponAPI.csproj", "{9AB79A75-E1AC-4A68-A1DD-42928113E538}"
EndProject
Project("{9A19103F-16F7-4668-BE54-9A1E7A4F7556}") = "Mango.Web", "Mango.Web\Mango.Web.csproj", "{CC616E42-B1E0-4CD1-A715-608BC1846841}"
EndProject
Project("{9A19103F-16F7-4668-BE54-9A1E7A4F7556}") = "Mango.Services.AuthAPI", "Mango.Services.AuthAPI\Mango.Services.AuthAPI.csproj", "{920DA15B-83CA-4BE3-878D-F0D23646CA0B}"
EndProject
Project("{9A19103F-16F7-4668-BE54-9A1E7A4F7556}") = "Mango.Services.ProductAPI", "Mango.Services.ProductAPI\Mango.Services.ProductAPI.csproj", "{57557140-2427-4BB6-8DF9-92C45173A00E}"
EndProject
Project("{9A19103F-16F7-4668-BE54-9A1E7A4F7556}") = "Mango.Services.ShoppingCartAPI", "Mango.Services.ShoppingCartAPI\Mango.Services.ShoppingCartAPI.csproj", "{F2D364A4-AFC3-4B39-A7C3-A65E53993053}"
EndProject
Project("{9A19103F-16F7-4668-BE54-9A1E7A4F7556}") = "Mango.MessageBus", "Mango.MessageBus\Mango.MessageBus.csproj", "{E847FD78-3AF2-44F5-ADBC-C818464E5916}"
EndProject
Project("{9A19103F-16F7-4668-BE54-9A1E7A4F7556}") = "Mango.Services.EmailAPI", "Mango.Services.EmailAPI\Mango.Services.EmailAPI.csproj", "{3F221E73-10E2-43C9-99C8-83C420B0E083}"
EndProject
Project("{9A19103F-16F7-4668-BE54-9A1E7A4F7556}") = "Mango.Services.OrderAPI", "Mango.Services.OrderAPI\Mango.Services.OrderAPI.csproj", "{D367BFAE-2313-4D47-A20A-8CC496505E66}"
EndProject
Project("{FAE04EC0-301F-11D3-BF4B-00C04F79EFBC}") = "Mango.Services.RewardAPI", "Mango.Services.RewardAPI\Mango.Services.RewardAPI.csproj", "{9867C0E9-F008-4C93-BABB-4784370298DA}"
EndProject
Global
	GlobalSection(SolutionConfigurationPlatforms) = preSolution
		Debug|Any CPU = Debug|Any CPU
		Release|Any CPU = Release|Any CPU
	EndGlobalSection
	GlobalSection(ProjectConfigurationPlatforms) = postSolution
		{9AB79A75-E1AC-4A68-A1DD-42928113E538}.Debug|Any CPU.ActiveCfg = Debug|Any CPU
		{9AB79A75-E1AC-4A68-A1DD-42928113E538}.Debug|Any CPU.Build.0 = Debug|Any CPU
		{9AB79A75-E1AC-4A68-A1DD-42928113E538}.Release|Any CPU.ActiveCfg = Release|Any CPU
		{9AB79A75-E1AC-4A68-A1DD-42928113E538}.Release|Any CPU.Build.0 = Release|Any CPU
		{CC616E42-B1E0-4CD1-A715-608BC1846841}.Debug|Any CPU.ActiveCfg = Debug|Any CPU
		{CC616E42-B1E0-4CD1-A715-608BC1846841}.Debug|Any CPU.Build.0 = Debug|Any CPU
		{CC616E42-B1E0-4CD1-A715-608BC1846841}.Release|Any CPU.ActiveCfg = Release|Any CPU
		{CC616E42-B1E0-4CD1-A715-608BC1846841}.Release|Any CPU.Build.0 = Release|Any CPU
		{920DA15B-83CA-4BE3-878D-F0D23646CA0B}.Debug|Any CPU.ActiveCfg = Debug|Any CPU
		{920DA15B-83CA-4BE3-878D-F0D23646CA0B}.Debug|Any CPU.Build.0 = Debug|Any CPU
		{920DA15B-83CA-4BE3-878D-F0D23646CA0B}.Release|Any CPU.ActiveCfg = Release|Any CPU
		{920DA15B-83CA-4BE3-878D-F0D23646CA0B}.Release|Any CPU.Build.0 = Release|Any CPU
		{57557140-2427-4BB6-8DF9-92C45173A00E}.Debug|Any CPU.ActiveCfg = Debug|Any CPU
		{57557140-2427-4BB6-8DF9-92C45173A00E}.Debug|Any CPU.Build.0 = Debug|Any CPU
		{57557140-2427-4BB6-8DF9-92C45173A00E}.Release|Any CPU.ActiveCfg = Release|Any CPU
		{57557140-2427-4BB6-8DF9-92C45173A00E}.Release|Any CPU.Build.0 = Release|Any CPU
		{F2D364A4-AFC3-4B39-A7C3-A65E53993053}.Debug|Any CPU.ActiveCfg = Debug|Any CPU
		{F2D364A4-AFC3-4B39-A7C3-A65E53993053}.Debug|Any CPU.Build.0 = Debug|Any CPU
		{F2D364A4-AFC3-4B39-A7C3-A65E53993053}.Release|Any CPU.ActiveCfg = Release|Any CPU
		{F2D364A4-AFC3-4B39-A7C3-A65E53993053}.Release|Any CPU.Build.0 = Release|Any CPU
		{E847FD78-3AF2-44F5-ADBC-C818464E5916}.Debug|Any CPU.ActiveCfg = Debug|Any CPU
		{E847FD78-3AF2-44F5-ADBC-C818464E5916}.Debug|Any CPU.Build.0 = Debug|Any CPU
		{E847FD78-3AF2-44F5-ADBC-C818464E5916}.Release|Any CPU.ActiveCfg = Release|Any CPU
		{E847FD78-3AF2-44F5-ADBC-C818464E5916}.Release|Any CPU.Build.0 = Release|Any CPU
		{3F221E73-10E2-43C9-99C8-83C420B0E083}.Debug|Any CPU.ActiveCfg = Debug|Any CPU
		{3F221E73-10E2-43C9-99C8-83C420B0E083}.Debug|Any CPU.Build.0 = Debug|Any CPU
		{3F221E73-10E2-43C9-99C8-83C420B0E083}.Release|Any CPU.ActiveCfg = Release|Any CPU
		{3F221E73-10E2-43C9-99C8-83C420B0E083}.Release|Any CPU.Build.0 = Release|Any CPU
		{D367BFAE-2313-4D47-A20A-8CC496505E66}.Debug|Any CPU.ActiveCfg = Debug|Any CPU
		{D367BFAE-2313-4D47-A20A-8CC496505E66}.Debug|Any CPU.Build.0 = Debug|Any CPU
		{D367BFAE-2313-4D47-A20A-8CC496505E66}.Release|Any CPU.ActiveCfg = Release|Any CPU
		{D367BFAE-2313-4D47-A20A-8CC496505E66}.Release|Any CPU.Build.0 = Release|Any CPU
		{9867C0E9-F008-4C93-BABB-4784370298DA}.Debug|Any CPU.ActiveCfg = Debug|Any CPU
		{9867C0E9-F008-4C93-BABB-4784370298DA}.Debug|Any CPU.Build.0 = Debug|Any CPU
		{9867C0E9-F008-4C93-BABB-4784370298DA}.Release|Any CPU.ActiveCfg = Release|Any CPU
		{9867C0E9-F008-4C93-BABB-4784370298DA}.Release|Any CPU.Build.0 = Release|Any CPU
	EndGlobalSection
	GlobalSection(SolutionProperties) = preSolution
		HideSolutionNode = FALSE
	EndGlobalSection
	GlobalSection(NestedProjects) = preSolution
		{9AB79A75-E1AC-4A68-A1DD-42928113E538} = {3B66E95C-BBC4-4778-999A-5D8C5D642737}
		{CC616E42-B1E0-4CD1-A715-608BC1846841} = {53E9E4F9-CDD8-4D92-80DD-CC245E1595D6}
		{920DA15B-83CA-4BE3-878D-F0D23646CA0B} = {3B66E95C-BBC4-4778-999A-5D8C5D642737}
		{57557140-2427-4BB6-8DF9-92C45173A00E} = {3B66E95C-BBC4-4778-999A-5D8C5D642737}
		{F2D364A4-AFC3-4B39-A7C3-A65E53993053} = {3B66E95C-BBC4-4778-999A-5D8C5D642737}
		{E847FD78-3AF2-44F5-ADBC-C818464E5916} = {3905E794-90DC-41CB-8C00-6720D6D3759E}
		{3F221E73-10E2-43C9-99C8-83C420B0E083} = {3B66E95C-BBC4-4778-999A-5D8C5D642737}
		{D367BFAE-2313-4D47-A20A-8CC496505E66} = {3B66E95C-BBC4-4778-999A-5D8C5D642737}
		{9867C0E9-F008-4C93-BABB-4784370298DA} = {3B66E95C-BBC4-4778-999A-5D8C5D642737}
	EndGlobalSection
	GlobalSection(ExtensibilityGlobals) = postSolution
		SolutionGuid = {19D5DBBF-1FF5-4F66-B655-0CF4FFBD5BD8}
	EndGlobalSection
EndGlobal
